version = 1
requires-python = ">=3.12"

[[package]]
name = "basedpyright"
version = "1.17.4"
source = { registry = "https://pypi.org/simple" }
dependencies = [
    { name = "nodejs-wheel-binaries" },
]
sdist = { url = "https://files.pythonhosted.org/packages/c1/33/affa5437568da79f38a684351252a19555cea0f9abf19b22b444ad716ea0/basedpyright-1.17.4.tar.gz", hash = "sha256:47735f632539002355efb8f8e8196fe631adf0d8377216c817e41aef7471091f", size = 51712114 }
wheels = [
    { url = "https://files.pythonhosted.org/packages/cb/05/5339e624ac026964956ab9842299cd8065933520b312da8af993713b465e/basedpyright-1.17.4-py3-none-any.whl", hash = "sha256:7f898d6dfb1ce91ee4c63dbf786c7384c754a82efa134ad2297babdd98e01589", size = 10794618 },
]

[[package]]
name = "cfgv"
version = "3.4.0"
source = { registry = "https://pypi.org/simple" }
sdist = { url = "https://files.pythonhosted.org/packages/11/74/539e56497d9bd1d484fd863dd69cbbfa653cd2aa27abfe35653494d85e94/cfgv-3.4.0.tar.gz", hash = "sha256:e52591d4c5f5dead8e0f673fb16db7949d2cfb3f7da4582893288f0ded8fe560", size = 7114 }
wheels = [
    { url = "https://files.pythonhosted.org/packages/c5/55/51844dd50c4fc7a33b653bfaba4c2456f06955289ca770a5dbd5fd267374/cfgv-3.4.0-py2.py3-none-any.whl", hash = "sha256:b7265b1f29fd3316bfcd2b330d63d024f2bfd8bcb8b0272f8e19a504856c48f9", size = 7249 },
]

[[package]]
name = "click"
version = "8.1.7"
source = { registry = "https://pypi.org/simple" }
dependencies = [
    { name = "colorama", marker = "platform_system == 'Windows'" },
]
sdist = { url = "https://files.pythonhosted.org/packages/96/d3/f04c7bfcf5c1862a2a5b845c6b2b360488cf47af55dfa79c98f6a6bf98b5/click-8.1.7.tar.gz", hash = "sha256:ca9853ad459e787e2192211578cc907e7594e294c7ccc834310722b41b9ca6de", size = 336121 }
wheels = [
    { url = "https://files.pythonhosted.org/packages/00/2e/d53fa4befbf2cfa713304affc7ca780ce4fc1fd8710527771b58311a3229/click-8.1.7-py3-none-any.whl", hash = "sha256:ae74fb96c20a0277a1d615f1e4d73c8414f5a98db8b799a7931d1582f3390c28", size = 97941 },
]

[[package]]
name = "codespell"
version = "2.3.0"
source = { registry = "https://pypi.org/simple" }
sdist = { url = "https://files.pythonhosted.org/packages/a0/a9/98353dfc7afcdf18cffd2dd3e959a25eaaf2728cf450caa59af89648a8e4/codespell-2.3.0.tar.gz", hash = "sha256:360c7d10f75e65f67bad720af7007e1060a5d395670ec11a7ed1fed9dd17471f", size = 329791 }
wheels = [
    { url = "https://files.pythonhosted.org/packages/0e/20/b6019add11e84f821184234cea0ad91442373489ef7ccfa3d73a71b908fa/codespell-2.3.0-py3-none-any.whl", hash = "sha256:a9c7cef2501c9cfede2110fd6d4e5e62296920efe9abfb84648df866e47f58d1", size = 329167 },
]

[[package]]
name = "colorama"
version = "0.4.6"
source = { registry = "https://pypi.org/simple" }
sdist = { url = "https://files.pythonhosted.org/packages/d8/53/6f443c9a4a8358a93a6792e2acffb9d9d5cb0a5cfd8802644b7b1c9a02e4/colorama-0.4.6.tar.gz", hash = "sha256:08695f5cb7ed6e0531a20572697297273c47b8cae5a63ffc6d6ed5c201be6e44", size = 27697 }
wheels = [
    { url = "https://files.pythonhosted.org/packages/d1/d6/3965ed04c63042e047cb6a3e6ed1a63a35087b6a609aa3a15ed8ac56c221/colorama-0.4.6-py2.py3-none-any.whl", hash = "sha256:4f1d9991f5acc0ca119f9d443620b77f9d6b33703e51011c16baf57afb285fc6", size = 25335 },
]

[[package]]
name = "distlib"
version = "0.3.8"
source = { registry = "https://pypi.org/simple" }
sdist = { url = "https://files.pythonhosted.org/packages/c4/91/e2df406fb4efacdf46871c25cde65d3c6ee5e173b7e5a4547a47bae91920/distlib-0.3.8.tar.gz", hash = "sha256:1530ea13e350031b6312d8580ddb6b27a104275a31106523b8f123787f494f64", size = 609931 }
wheels = [
    { url = "https://files.pythonhosted.org/packages/8e/41/9307e4f5f9976bc8b7fea0b66367734e8faf3ec84bc0d412d8cfabbb66cd/distlib-0.3.8-py2.py3-none-any.whl", hash = "sha256:034db59a0b96f8ca18035f36290806a9a6e6bd9d1ff91e45a7f172eb17e51784", size = 468850 },
]

[[package]]
name = "filelock"
version = "3.16.0"
source = { registry = "https://pypi.org/simple" }
sdist = { url = "https://files.pythonhosted.org/packages/e6/76/3981447fd369539aba35797db99a8e2ff7ed01d9aa63e9344a31658b8d81/filelock-3.16.0.tar.gz", hash = "sha256:81de9eb8453c769b63369f87f11131a7ab04e367f8d97ad39dc230daa07e3bec", size = 18008 }
wheels = [
    { url = "https://files.pythonhosted.org/packages/2f/95/f9310f35376024e1086c59cbb438d319fc9a4ef853289ce7c661539edbd4/filelock-3.16.0-py3-none-any.whl", hash = "sha256:f6ed4c963184f4c84dd5557ce8fece759a3724b37b80c6c4f20a2f63a4dc6609", size = 16170 },
]

[[package]]
name = "identify"
version = "2.6.0"
source = { registry = "https://pypi.org/simple" }
sdist = { url = "https://files.pythonhosted.org/packages/32/f4/8e8f7db397a7ce20fbdeac5f25adaf567fc362472432938d25556008e03a/identify-2.6.0.tar.gz", hash = "sha256:cb171c685bdc31bcc4c1734698736a7d5b6c8bf2e0c15117f4d469c8640ae5cf", size = 99116 }
wheels = [
    { url = "https://files.pythonhosted.org/packages/24/6c/a4f39abe7f19600b74528d0c717b52fff0b300bb0161081510d39c53cb00/identify-2.6.0-py2.py3-none-any.whl", hash = "sha256:e79ae4406387a9d300332b5fd366d8994f1525e8414984e1a59e058b2eda2dd0", size = 98962 },
]

[[package]]
name = "iniconfig"
version = "2.0.0"
source = { registry = "https://pypi.org/simple" }
sdist = { url = "https://files.pythonhosted.org/packages/d7/4b/cbd8e699e64a6f16ca3a8220661b5f83792b3017d0f79807cb8708d33913/iniconfig-2.0.0.tar.gz", hash = "sha256:2d91e135bf72d31a410b17c16da610a82cb55f6b0477d1a902134b24a455b8b3", size = 4646 }
wheels = [
    { url = "https://files.pythonhosted.org/packages/ef/a6/62565a6e1cf69e10f5727360368e451d4b7f58beeac6173dc9db836a5b46/iniconfig-2.0.0-py3-none-any.whl", hash = "sha256:b6a85871a79d2e3b22d2d1b94ac2824226a63c6b741c88f7ae975f18b6778374", size = 5892 },
]

[[package]]
name = "libcst"
version = "1.4.0"
source = { registry = "https://pypi.org/simple" }
dependencies = [
    { name = "pyyaml" },
]
sdist = { url = "https://files.pythonhosted.org/packages/e4/bd/ff41d7a8efc4f60a61d903c3f9823565006f44f2b8b11c99701f552b0851/libcst-1.4.0.tar.gz", hash = "sha256:449e0b16604f054fa7f27c3ffe86ea7ef6c409836fe68fe4e752a1894175db00", size = 771364 }
wheels = [
    { url = "https://files.pythonhosted.org/packages/2f/09/e4374c8e9bde82a6197860b67ed0b0cd07c0fbc95fff035886382165a279/libcst-1.4.0-cp312-cp312-macosx_10_9_x86_64.whl", hash = "sha256:7ece51d935bc9bf60b528473d2e5cc67cbb88e2f8146297e40ee2c7d80be6f13", size = 2106058 },
    { url = "https://files.pythonhosted.org/packages/61/8a/84810ea960ede8d15266cc5e135165d92aadb08956136e53926b3e037829/libcst-1.4.0-cp312-cp312-macosx_11_0_arm64.whl", hash = "sha256:81653dea1cdfa4c6520a7c5ffb95fa4d220cbd242e446c7a06d42d8636bfcbba", size = 2032124 },
    { url = "https://files.pythonhosted.org/packages/08/1d/3e2ab936e4195df82b764b02631a865b65dcf252772ddfe5265d384a883d/libcst-1.4.0-cp312-cp312-manylinux_2_17_aarch64.manylinux2014_aarch64.whl", hash = "sha256:f6abce0e66bba2babfadc20530fd3688f672d565674336595b4623cd800b91ef", size = 2195173 },
    { url = "https://files.pythonhosted.org/packages/11/38/30206bbcf31425f6fd01dae3cf23e35df790969243d39757ae743d8e6d67/libcst-1.4.0-cp312-cp312-manylinux_2_17_x86_64.manylinux2014_x86_64.whl", hash = "sha256:5da9d7dc83801aba3b8d911f82dc1a375db0d508318bad79d9fb245374afe068", size = 2248523 },
    { url = "https://files.pythonhosted.org/packages/8c/02/1c9c908724c732f09b11493ee5d61893060ecc9a3dc4bc80032d1be87b37/libcst-1.4.0-cp312-cp312-manylinux_2_5_i686.manylinux1_i686.manylinux_2_17_i686.manylinux2014_i686.whl", hash = "sha256:7c54aa66c86d8ece9c93156a2cf5ca512b0dce40142fe9e072c86af2bf892411", size = 2326040 },
    { url = "https://files.pythonhosted.org/packages/04/32/7345f10a2dc728015920d689d5c1b8dc0232db321e172cdad2611e73c5b3/libcst-1.4.0-cp312-cp312-win_amd64.whl", hash = "sha256:62e2682ee1567b6a89c91853865372bf34f178bfd237853d84df2b87b446e654", size = 2026263 },
]

[[package]]
name = "mainpy"
version = "1.4.0"
source = { registry = "https://pypi.org/simple" }
sdist = { url = "https://files.pythonhosted.org/packages/42/02/60b572ff3587599bff94f9cf87aa75f9ae8c0399a3c02fca17a445e21855/mainpy-1.4.0.tar.gz", hash = "sha256:8b4763df867a20daef5226f7477a5b3a56d9f79ef9511f7e54d1f7be06a32de5", size = 7099 }
wheels = [
    { url = "https://files.pythonhosted.org/packages/c1/d8/5991d85365a9f4c8208497b6a24db55d3d5804d2737dda4a06b43d383e44/mainpy-1.4.0-py3-none-any.whl", hash = "sha256:5c2ea0cf65767f58bb053044e95b05998cdb5f44214783eff6a9dcaf05ecbeba", size = 5698 },
]

[[package]]
name = "nodeenv"
version = "1.9.1"
source = { registry = "https://pypi.org/simple" }
sdist = { url = "https://files.pythonhosted.org/packages/43/16/fc88b08840de0e0a72a2f9d8c6bae36be573e475a6326ae854bcc549fc45/nodeenv-1.9.1.tar.gz", hash = "sha256:6ec12890a2dab7946721edbfbcd91f3319c6ccc9aec47be7c7e6b7011ee6645f", size = 47437 }
wheels = [
    { url = "https://files.pythonhosted.org/packages/d2/1d/1b658dbd2b9fa9c4c9f32accbfc0205d532c8c6194dc0f2a4c0428e7128a/nodeenv-1.9.1-py2.py3-none-any.whl", hash = "sha256:ba11c9782d29c27c70ffbdda2d7415098754709be8a7056d79a737cd901155c9", size = 22314 },
]

[[package]]
name = "nodejs-wheel-binaries"
version = "20.17.0"
source = { registry = "https://pypi.org/simple" }
sdist = { url = "https://files.pythonhosted.org/packages/9c/98/cd75ca5012c34c2216e2d51b29185fb53955d41ae898a37e7db254823e63/nodejs_wheel_binaries-20.17.0.tar.gz", hash = "sha256:827a3297a99764adfaeb0cd1e9e36d8fb79c5b074de916a2a31b8a61b8d208f7", size = 6933 }
wheels = [
    { url = "https://files.pythonhosted.org/packages/3b/8b/8e95b5c3622510bcb8e78830df8f85febcd0701e483d2b255741a426d502/nodejs_wheel_binaries-20.17.0-py2.py3-none-macosx_10_15_x86_64.whl", hash = "sha256:a5eaffb0327d751360e5f01e92f0adeb3b297a9196751bf1dda910b92c9f6f83", size = 45282593 },
    { url = "https://files.pythonhosted.org/packages/b1/9c/08cb95753d36daf1c8feee29ce5062d3ffa48b234d93c7148405b203388f/nodejs_wheel_binaries-20.17.0-py2.py3-none-macosx_11_0_arm64.whl", hash = "sha256:a661d2894b11dc886ae8c25727c3cdf1d54db982cdccfcddbb2dfe20dd249f3b", size = 44623717 },
    { url = "https://files.pythonhosted.org/packages/48/de/16b37b20757b1a1c7dab6b37c27c22bc83b01c02c9b76ada26394a3801ce/nodejs_wheel_binaries-20.17.0-py2.py3-none-manylinux_2_17_aarch64.manylinux2014_aarch64.whl", hash = "sha256:e0144c91e9816cda969d78ba0903acc405c99e0a4bfffbdabac6b48b237335e7", size = 49578402 },
    { url = "https://files.pythonhosted.org/packages/75/89/de3188fcdd16a65b1ef6ef245acb0bf42becc7b213bd59329249fd05ded7/nodejs_wheel_binaries-20.17.0-py2.py3-none-manylinux_2_17_x86_64.manylinux2014_x86_64.whl", hash = "sha256:b87ee7e88bfece2d325949e4f0dedb942b7478c401fc4e6726c5270f5835a02d", size = 49774065 },
    { url = "https://files.pythonhosted.org/packages/8a/e1/db1be44c09c60bd8684d0921d3322348512c5fe79f4113ba989304112a42/nodejs_wheel_binaries-20.17.0-py2.py3-none-musllinux_1_2_x86_64.whl", hash = "sha256:5b5fb7c51204ad30e9f83ab503f11b17de4bcc1c248314f83ca3302fda24b1a1", size = 51860790 },
    { url = "https://files.pythonhosted.org/packages/f3/3c/a14fee421b201bcc1a50c10657593602bac666eda94117cd35c117c89800/nodejs_wheel_binaries-20.17.0-py2.py3-none-win_amd64.whl", hash = "sha256:931558d528b976eb67ae1f68253df089e9d7d7267b6980fc580bfd31d67a0f5c", size = 33946987 },
]

[[package]]
name = "packaging"
version = "24.1"
source = { registry = "https://pypi.org/simple" }
sdist = { url = "https://files.pythonhosted.org/packages/51/65/50db4dda066951078f0a96cf12f4b9ada6e4b811516bf0262c0f4f7064d4/packaging-24.1.tar.gz", hash = "sha256:026ed72c8ed3fcce5bf8950572258698927fd1dbda10a5e981cdf0ac37f4f002", size = 148788 }
wheels = [
    { url = "https://files.pythonhosted.org/packages/08/aa/cc0199a5f0ad350994d660967a8efb233fe0416e4639146c089643407ce6/packaging-24.1-py3-none-any.whl", hash = "sha256:5b8f2217dbdbd2f7f384c41c628544e6d52f2d0f53c6d0c3ea61aa5d1d7ff124", size = 53985 },
]

[[package]]
name = "platformdirs"
version = "4.3.2"
source = { registry = "https://pypi.org/simple" }
sdist = { url = "https://files.pythonhosted.org/packages/75/a0/d7cab8409cdc7d39b037c85ac46d92434fb6595432e069251b38e5c8dd0e/platformdirs-4.3.2.tar.gz", hash = "sha256:9e5e27a08aa095dd127b9f2e764d74254f482fef22b0970773bfba79d091ab8c", size = 21276 }
wheels = [
    { url = "https://files.pythonhosted.org/packages/da/8b/d497999c4017b80678017ddce745cf675489c110681ad3c84a55eddfd3e7/platformdirs-4.3.2-py3-none-any.whl", hash = "sha256:eb1c8582560b34ed4ba105009a4badf7f6f85768b30126f351328507b2beb617", size = 18417 },
]

[[package]]
name = "pluggy"
version = "1.5.0"
source = { registry = "https://pypi.org/simple" }
sdist = { url = "https://files.pythonhosted.org/packages/96/2d/02d4312c973c6050a18b314a5ad0b3210edb65a906f868e31c111dede4a6/pluggy-1.5.0.tar.gz", hash = "sha256:2cffa88e94fdc978c4c574f15f9e59b7f4201d439195c3715ca9e2486f1d0cf1", size = 67955 }
wheels = [
    { url = "https://files.pythonhosted.org/packages/88/5f/e351af9a41f866ac3f1fac4ca0613908d9a41741cfcf2228f4ad853b697d/pluggy-1.5.0-py3-none-any.whl", hash = "sha256:44e1ad92c8ca002de6377e165f3e0f1be63266ab4d554740532335b9d75ea669", size = 20556 },
]

[[package]]
name = "pre-commit"
version = "3.8.0"
source = { registry = "https://pypi.org/simple" }
dependencies = [
    { name = "cfgv" },
    { name = "identify" },
    { name = "nodeenv" },
    { name = "pyyaml" },
    { name = "virtualenv" },
]
sdist = { url = "https://files.pythonhosted.org/packages/64/10/97ee2fa54dff1e9da9badbc5e35d0bbaef0776271ea5907eccf64140f72f/pre_commit-3.8.0.tar.gz", hash = "sha256:8bb6494d4a20423842e198980c9ecf9f96607a07ea29549e180eef9ae80fe7af", size = 177815 }
wheels = [
    { url = "https://files.pythonhosted.org/packages/07/92/caae8c86e94681b42c246f0bca35c059a2f0529e5b92619f6aba4cf7e7b6/pre_commit-3.8.0-py2.py3-none-any.whl", hash = "sha256:9a90a53bf82fdd8778d58085faf8d83df56e40dfe18f45b19446e26bf1b3a63f", size = 204643 },
]

[[package]]
name = "pytest"
version = "8.3.3"
source = { registry = "https://pypi.org/simple" }
dependencies = [
    { name = "colorama", marker = "sys_platform == 'win32'" },
    { name = "iniconfig" },
    { name = "packaging" },
    { name = "pluggy" },
]
sdist = { url = "https://files.pythonhosted.org/packages/8b/6c/62bbd536103af674e227c41a8f3dcd022d591f6eed5facb5a0f31ee33bbc/pytest-8.3.3.tar.gz", hash = "sha256:70b98107bd648308a7952b06e6ca9a50bc660be218d53c257cc1fc94fda10181", size = 1442487 }
wheels = [
    { url = "https://files.pythonhosted.org/packages/6b/77/7440a06a8ead44c7757a64362dd22df5760f9b12dc5f11b6188cd2fc27a0/pytest-8.3.3-py3-none-any.whl", hash = "sha256:a6853c7375b2663155079443d2e45de913a911a11d669df02a50814944db57b2", size = 342341 },
]

[[package]]
name = "pythoff"
version = "0.1.0"
source = { editable = "." }
dependencies = [
    { name = "libcst" },
    { name = "mainpy" },
    { name = "typer-slim" },
]

[package.dev-dependencies]
dev = [
    { name = "basedpyright" },
    { name = "codespell" },
    { name = "pre-commit" },
    { name = "pytest" },
    { name = "ruff" },
]

[package.metadata]
requires-dist = [
    { name = "libcst", specifier = ">=1.4.0,<2" },
    { name = "mainpy", specifier = ">=1.4.0,<2" },
    { name = "typer-slim", specifier = ">=0.12.5,<1" },
]

[package.metadata.requires-dev]
dev = [
    { name = "basedpyright", specifier = ">=1.17.4,<2" },
    { name = "codespell", specifier = ">=2.3.0,<3" },
    { name = "pre-commit", specifier = ">=3.8.0" },
    { name = "pytest", specifier = ">=8.3.3,<9" },
    { name = "ruff", specifier = ">=0.6.5,<0.7" },
]

[[package]]
name = "pyyaml"
version = "6.0.2"
source = { registry = "https://pypi.org/simple" }
sdist = { url = "https://files.pythonhosted.org/packages/54/ed/79a089b6be93607fa5cdaedf301d7dfb23af5f25c398d5ead2525b063e17/pyyaml-6.0.2.tar.gz", hash = "sha256:d584d9ec91ad65861cc08d42e834324ef890a082e591037abe114850ff7bbc3e", size = 130631 }
wheels = [
    { url = "https://files.pythonhosted.org/packages/86/0c/c581167fc46d6d6d7ddcfb8c843a4de25bdd27e4466938109ca68492292c/PyYAML-6.0.2-cp312-cp312-macosx_10_9_x86_64.whl", hash = "sha256:c70c95198c015b85feafc136515252a261a84561b7b1d51e3384e0655ddf25ab", size = 183873 },
    { url = "https://files.pythonhosted.org/packages/a8/0c/38374f5bb272c051e2a69281d71cba6fdb983413e6758b84482905e29a5d/PyYAML-6.0.2-cp312-cp312-macosx_11_0_arm64.whl", hash = "sha256:ce826d6ef20b1bc864f0a68340c8b3287705cae2f8b4b1d932177dcc76721725", size = 173302 },
    { url = "https://files.pythonhosted.org/packages/c3/93/9916574aa8c00aa06bbac729972eb1071d002b8e158bd0e83a3b9a20a1f7/PyYAML-6.0.2-cp312-cp312-manylinux_2_17_aarch64.manylinux2014_aarch64.whl", hash = "sha256:1f71ea527786de97d1a0cc0eacd1defc0985dcf6b3f17bb77dcfc8c34bec4dc5", size = 739154 },
    { url = "https://files.pythonhosted.org/packages/95/0f/b8938f1cbd09739c6da569d172531567dbcc9789e0029aa070856f123984/PyYAML-6.0.2-cp312-cp312-manylinux_2_17_s390x.manylinux2014_s390x.whl", hash = "sha256:9b22676e8097e9e22e36d6b7bda33190d0d400f345f23d4065d48f4ca7ae0425", size = 766223 },
    { url = "https://files.pythonhosted.org/packages/b9/2b/614b4752f2e127db5cc206abc23a8c19678e92b23c3db30fc86ab731d3bd/PyYAML-6.0.2-cp312-cp312-manylinux_2_17_x86_64.manylinux2014_x86_64.whl", hash = "sha256:80bab7bfc629882493af4aa31a4cfa43a4c57c83813253626916b8c7ada83476", size = 767542 },
    { url = "https://files.pythonhosted.org/packages/d4/00/dd137d5bcc7efea1836d6264f049359861cf548469d18da90cd8216cf05f/PyYAML-6.0.2-cp312-cp312-musllinux_1_1_aarch64.whl", hash = "sha256:0833f8694549e586547b576dcfaba4a6b55b9e96098b36cdc7ebefe667dfed48", size = 731164 },
    { url = "https://files.pythonhosted.org/packages/c9/1f/4f998c900485e5c0ef43838363ba4a9723ac0ad73a9dc42068b12aaba4e4/PyYAML-6.0.2-cp312-cp312-musllinux_1_1_x86_64.whl", hash = "sha256:8b9c7197f7cb2738065c481a0461e50ad02f18c78cd75775628afb4d7137fb3b", size = 756611 },
    { url = "https://files.pythonhosted.org/packages/df/d1/f5a275fdb252768b7a11ec63585bc38d0e87c9e05668a139fea92b80634c/PyYAML-6.0.2-cp312-cp312-win32.whl", hash = "sha256:ef6107725bd54b262d6dedcc2af448a266975032bc85ef0172c5f059da6325b4", size = 140591 },
    { url = "https://files.pythonhosted.org/packages/0c/e8/4f648c598b17c3d06e8753d7d13d57542b30d56e6c2dedf9c331ae56312e/PyYAML-6.0.2-cp312-cp312-win_amd64.whl", hash = "sha256:7e7401d0de89a9a855c839bc697c079a4af81cf878373abd7dc625847d25cbd8", size = 156338 },
    { url = "https://files.pythonhosted.org/packages/ef/e3/3af305b830494fa85d95f6d95ef7fa73f2ee1cc8ef5b495c7c3269fb835f/PyYAML-6.0.2-cp313-cp313-macosx_10_13_x86_64.whl", hash = "sha256:efdca5630322a10774e8e98e1af481aad470dd62c3170801852d752aa7a783ba", size = 181309 },
    { url = "https://files.pythonhosted.org/packages/45/9f/3b1c20a0b7a3200524eb0076cc027a970d320bd3a6592873c85c92a08731/PyYAML-6.0.2-cp313-cp313-macosx_11_0_arm64.whl", hash = "sha256:50187695423ffe49e2deacb8cd10510bc361faac997de9efef88badc3bb9e2d1", size = 171679 },
    { url = "https://files.pythonhosted.org/packages/7c/9a/337322f27005c33bcb656c655fa78325b730324c78620e8328ae28b64d0c/PyYAML-6.0.2-cp313-cp313-manylinux_2_17_aarch64.manylinux2014_aarch64.whl", hash = "sha256:0ffe8360bab4910ef1b9e87fb812d8bc0a308b0d0eef8c8f44e0254ab3b07133", size = 733428 },
    { url = "https://files.pythonhosted.org/packages/a3/69/864fbe19e6c18ea3cc196cbe5d392175b4cf3d5d0ac1403ec3f2d237ebb5/PyYAML-6.0.2-cp313-cp313-manylinux_2_17_s390x.manylinux2014_s390x.whl", hash = "sha256:17e311b6c678207928d649faa7cb0d7b4c26a0ba73d41e99c4fff6b6c3276484", size = 763361 },
    { url = "https://files.pythonhosted.org/packages/04/24/b7721e4845c2f162d26f50521b825fb061bc0a5afcf9a386840f23ea19fa/PyYAML-6.0.2-cp313-cp313-manylinux_2_17_x86_64.manylinux2014_x86_64.whl", hash = "sha256:70b189594dbe54f75ab3a1acec5f1e3faa7e8cf2f1e08d9b561cb41b845f69d5", size = 759523 },
    { url = "https://files.pythonhosted.org/packages/2b/b2/e3234f59ba06559c6ff63c4e10baea10e5e7df868092bf9ab40e5b9c56b6/PyYAML-6.0.2-cp313-cp313-musllinux_1_1_aarch64.whl", hash = "sha256:41e4e3953a79407c794916fa277a82531dd93aad34e29c2a514c2c0c5fe971cc", size = 726660 },
    { url = "https://files.pythonhosted.org/packages/fe/0f/25911a9f080464c59fab9027482f822b86bf0608957a5fcc6eaac85aa515/PyYAML-6.0.2-cp313-cp313-musllinux_1_1_x86_64.whl", hash = "sha256:68ccc6023a3400877818152ad9a1033e3db8625d899c72eacb5a668902e4d652", size = 751597 },
    { url = "https://files.pythonhosted.org/packages/14/0d/e2c3b43bbce3cf6bd97c840b46088a3031085179e596d4929729d8d68270/PyYAML-6.0.2-cp313-cp313-win32.whl", hash = "sha256:bc2fa7c6b47d6bc618dd7fb02ef6fdedb1090ec036abab80d4681424b84c1183", size = 140527 },
    { url = "https://files.pythonhosted.org/packages/fa/de/02b54f42487e3d3c6efb3f89428677074ca7bf43aae402517bc7cca949f3/PyYAML-6.0.2-cp313-cp313-win_amd64.whl", hash = "sha256:8388ee1976c416731879ac16da0aff3f63b286ffdd57cdeb95f3f2e085687563", size = 156446 },
]

[[package]]
name = "ruff"
version = "0.6.5"
source = { registry = "https://pypi.org/simple" }
sdist = { url = "https://files.pythonhosted.org/packages/96/3f/29b2d3d90f811f6fb5b90242309f4668cd8c2482aab86ffc23099000545b/ruff-0.6.5.tar.gz", hash = "sha256:4d32d87fab433c0cf285c3683dd4dae63be05fd7a1d65b3f5bf7cdd05a6b96fb", size = 2476127 }
wheels = [
    { url = "https://files.pythonhosted.org/packages/64/05/cc62df44b5a0271b29f11d687aa89e85943e0d26e5bb773dbc1456d9885d/ruff-0.6.5-py3-none-linux_armv6l.whl", hash = "sha256:7e4e308f16e07c95fc7753fc1aaac690a323b2bb9f4ec5e844a97bb7fbebd748", size = 9770988 },
    { url = "https://files.pythonhosted.org/packages/09/3d/89dac56ab7053d5b7cba723c9cae1a29b7a2978174c67e2441525ee00343/ruff-0.6.5-py3-none-macosx_10_12_x86_64.whl", hash = "sha256:932cd69eefe4daf8c7d92bd6689f7e8182571cb934ea720af218929da7bd7d69", size = 9423303 },
    { url = "https://files.pythonhosted.org/packages/70/76/dc04654d26beace866a3c9e0c87112304e3d6406e1ee8ca0d9bebbd82d91/ruff-0.6.5-py3-none-macosx_11_0_arm64.whl", hash = "sha256:3a8d42d11fff8d3143ff4da41742a98f8f233bf8890e9fe23077826818f8d680", size = 9134078 },
    { url = "https://files.pythonhosted.org/packages/da/52/6a492cffcd2c6e243043937ab52811b6ebb10cb5b77a68cc98e7676ceaef/ruff-0.6.5-py3-none-manylinux_2_17_aarch64.manylinux2014_aarch64.whl", hash = "sha256:a50af6e828ee692fb10ff2dfe53f05caecf077f4210fae9677e06a808275754f", size = 10105094 },
    { url = "https://files.pythonhosted.org/packages/59/7c/fd76a583ae59a276537d71921d616a83ec7774027d0812049afb6af8a07f/ruff-0.6.5-py3-none-manylinux_2_17_armv7l.manylinux2014_armv7l.whl", hash = "sha256:794ada3400a0d0b89e3015f1a7e01f4c97320ac665b7bc3ade24b50b54cb2972", size = 9542751 },
    { url = "https://files.pythonhosted.org/packages/56/5b/4e8928fa11412b16ecf7d7755fe45db6dfa7abce32841f6aec33bae3a7da/ruff-0.6.5-py3-none-manylinux_2_17_i686.manylinux2014_i686.whl", hash = "sha256:381413ec47f71ce1d1c614f7779d88886f406f1fd53d289c77e4e533dc6ea200", size = 10358844 },
    { url = "https://files.pythonhosted.org/packages/bd/a8/315ea8f71b111c8fb2b681c88a3e7a707d74308eb1435dc6ee3e6637a286/ruff-0.6.5-py3-none-manylinux_2_17_ppc64.manylinux2014_ppc64.whl", hash = "sha256:52e75a82bbc9b42e63c08d22ad0ac525117e72aee9729a069d7c4f235fc4d276", size = 11075199 },
    { url = "https://files.pythonhosted.org/packages/d9/1c/3a3728d42db52bfe418d8c913b453531766be1383719573f2458e8b59990/ruff-0.6.5-py3-none-manylinux_2_17_ppc64le.manylinux2014_ppc64le.whl", hash = "sha256:09c72a833fd3551135ceddcba5ebdb68ff89225d30758027280968c9acdc7810", size = 10661186 },
    { url = "https://files.pythonhosted.org/packages/d4/0c/ae25e213461aab274822081923d747f02929d71843c42b8f56018a7ec636/ruff-0.6.5-py3-none-manylinux_2_17_s390x.manylinux2014_s390x.whl", hash = "sha256:800c50371bdcb99b3c1551d5691e14d16d6f07063a518770254227f7f6e8c178", size = 11747444 },
    { url = "https://files.pythonhosted.org/packages/c4/e3/9d0ff218c7663ab9d53abe02911bec03d32b8ced7f78c1c49c2af84903a2/ruff-0.6.5-py3-none-manylinux_2_17_x86_64.manylinux2014_x86_64.whl", hash = "sha256:8e25ddd9cd63ba1f3bd51c1f09903904a6adf8429df34f17d728a8fa11174253", size = 10266302 },
    { url = "https://files.pythonhosted.org/packages/ac/03/f158cc24120bf277b0cd7906ba509a2db74531003663500a0d1781cd7448/ruff-0.6.5-py3-none-musllinux_1_2_aarch64.whl", hash = "sha256:7291e64d7129f24d1b0c947ec3ec4c0076e958d1475c61202497c6aced35dd19", size = 10104976 },
    { url = "https://files.pythonhosted.org/packages/91/d0/0bacdffc234e588ec05834186ad11ec8281a6ca598d0106892497bbcfa44/ruff-0.6.5-py3-none-musllinux_1_2_armv7l.whl", hash = "sha256:9ad7dfbd138d09d9a7e6931e6a7e797651ce29becd688be8a0d4d5f8177b4b0c", size = 9625374 },
    { url = "https://files.pythonhosted.org/packages/1a/ad/721003cde8abd9f50bff74acbcb21852531036451d48a1abddba4dd84025/ruff-0.6.5-py3-none-musllinux_1_2_i686.whl", hash = "sha256:005256d977021790cc52aa23d78f06bb5090dc0bfbd42de46d49c201533982ae", size = 9959661 },
    { url = "https://files.pythonhosted.org/packages/37/84/8d70a3eacaacb65b4bb1461fc1a59e37ff165152b7e507692109117c877f/ruff-0.6.5-py3-none-musllinux_1_2_x86_64.whl", hash = "sha256:482c1e6bfeb615eafc5899127b805d28e387bd87db38b2c0c41d271f5e58d8cc", size = 10327408 },
    { url = "https://files.pythonhosted.org/packages/54/7e/6b0a9ab30428a9e3d9607f6dd2e4fb743594d42bd1b6ba7b7b239acda921/ruff-0.6.5-py3-none-win32.whl", hash = "sha256:cf4d3fa53644137f6a4a27a2b397381d16454a1566ae5335855c187fbf67e4f5", size = 8012512 },
    { url = "https://files.pythonhosted.org/packages/d8/88/176f50162a219e3039f21e9e4323869fc62bf8d3afb4147a390d6c744bd8/ruff-0.6.5-py3-none-win_amd64.whl", hash = "sha256:3e42a57b58e3612051a636bc1ac4e6b838679530235520e8f095f7c44f706ff9", size = 8804438 },
    { url = "https://files.pythonhosted.org/packages/67/a0/1b488bbe35a7ff8296fdea1ec1a9c2676cecc7e42bda63860f9397d59140/ruff-0.6.5-py3-none-win_arm64.whl", hash = "sha256:51935067740773afdf97493ba9b8231279e9beef0f2a8079188c4776c25688e0", size = 8179780 },
]

[[package]]
name = "typer-slim"
version = "0.12.5"
source = { registry = "https://pypi.org/simple" }
dependencies = [
    { name = "click" },
    { name = "typing-extensions" },
]
sdist = { url = "https://files.pythonhosted.org/packages/d0/4d/d79c0dd7f8df554fb6810528a61430e7e74de76fd83f03db1bcb25906678/typer_slim-0.12.5.tar.gz", hash = "sha256:c8e3fcf93cc7dd584036df8755d2e2363f85f8a4dd028c7911eed3f00cf0ebb1", size = 99015 }
wheels = [
    { url = "https://files.pythonhosted.org/packages/98/d4/ced1f8074819b43804a0a5015f33bae422330e8d38b1992be91fa947190c/typer_slim-0.12.5-py3-none-any.whl", hash = "sha256:9a994f721b828783dbf144e17461b1c720bb4598e0d5eff7c1b3f08ee58cb062", size = 47110 },
]

[[package]]
name = "typing-extensions"
version = "4.12.2"
source = { registry = "https://pypi.org/simple" }
sdist = { url = "https://files.pythonhosted.org/packages/df/db/f35a00659bc03fec321ba8bce9420de607a1d37f8342eee1863174c69557/typing_extensions-4.12.2.tar.gz", hash = "sha256:1a7ead55c7e559dd4dee8856e3a88b41225abfe1ce8df57b7c13915fe121ffb8", size = 85321 }
wheels = [
    { url = "https://files.pythonhosted.org/packages/26/9f/ad63fc0248c5379346306f8668cda6e2e2e9c95e01216d2b8ffd9ff037d0/typing_extensions-4.12.2-py3-none-any.whl", hash = "sha256:04e5ca0351e0f3f85c6853954072df659d0d13fac324d0072316b67d7794700d", size = 37438 },
]

[[package]]
name = "virtualenv"
version = "20.26.4"
source = { registry = "https://pypi.org/simple" }
dependencies = [
    { name = "distlib" },
    { name = "filelock" },
    { name = "platformdirs" },
]
sdist = { url = "https://files.pythonhosted.org/packages/84/8a/134f65c3d6066153b84fc176c58877acd8165ed0b79a149ff50502597284/virtualenv-20.26.4.tar.gz", hash = "sha256:c17f4e0f3e6036e9f26700446f85c76ab11df65ff6d8a9cbfad9f71aabfcf23c", size = 9385017 }
wheels = [
    { url = "https://files.pythonhosted.org/packages/5d/ea/12f774a18b55754c730c8383dad8f10d7b87397d1cb6b2b944c87381bb3b/virtualenv-20.26.4-py3-none-any.whl", hash = "sha256:48f2695d9809277003f30776d155615ffc11328e6a0a8c1f0ec80188d7874a55", size = 6013327 },
]
